
Microsoft Visual Studio Solution File, Format Version 12.00
# Visual Studio Version 17
VisualStudioVersion = 17.8.34316.72
MinimumVisualStudioVersion = 10.0.40219.1
Project("{9A19103F-16F7-4668-BE54-9A1E7A4F7556}") = "CloudyBot", "src\CloudyBot\CloudyBot.csproj", "{4EFD5307-B16F-4666-A089-E241E57C2621}"
EndProject
Project("{9A19103F-16F7-4668-BE54-9A1E7A4F7556}") = "CloudyBotTest", "test\CloudyBotTest\CloudyBotTest.csproj", "{158160BA-0BB4-4587-A606-54DFA87FF489}"
EndProject
Global
	GlobalSection(SolutionConfigurationPlatforms) = preSolution
		Debug|Any CPU = Debug|Any CPU
		Release|Any CPU = Release|Any CPU
	EndGlobalSection
	GlobalSection(ProjectConfigurationPlatforms) = postSolution
		{4EFD5307-B16F-4666-A089-E241E57C2621}.Debug|Any CPU.ActiveCfg = Debug|Any CPU
		{4EFD5307-B16F-4666-A089-E241E57C2621}.Debug|Any CPU.Build.0 = Debug|Any CPU
		{4EFD5307-B16F-4666-A089-E241E57C2621}.Release|Any CPU.ActiveCfg = Release|Any CPU
		{4EFD5307-B16F-4666-A089-E241E57C2621}.Release|Any CPU.Build.0 = Release|Any CPU
		{158160BA-0BB4-4587-A606-54DFA87FF489}.Debug|Any CPU.ActiveCfg = Debug|Any CPU
		{158160BA-0BB4-4587-A606-54DFA87FF489}.Debug|Any CPU.Build.0 = Debug|Any CPU
		{158160BA-0BB4-4587-A606-54DFA87FF489}.Release|Any CPU.ActiveCfg = Release|Any CPU
		{158160BA-0BB4-4587-A606-54DFA87FF489}.Release|Any CPU.Build.0 = Release|Any CPU
	EndGlobalSection
	GlobalSection(SolutionProperties) = preSolution
		HideSolutionNode = FALSE
	EndGlobalSection
	GlobalSection(ExtensibilityGlobals) = postSolution
		SolutionGuid = {AAA49493-36B9-4445-BC9F-E3A3ED54C7A0}
	EndGlobalSection
EndGlobal
